
Microsoft Visual Studio Solution File, Format Version 12.00
# Visual Studio Version 16
VisualStudioVersion = 16.0.30517.126
MinimumVisualStudioVersion = 10.0.40219.1
Project("{9A19103F-16F7-4668-BE54-9A1E7A4F7556}") = "Bf", "Bf\Bf.csproj", "{CEBF2735-28D6-4441-84C8-9BB7551B8FBC}"
EndProject
Project("{9A19103F-16F7-4668-BE54-9A1E7A4F7556}") = "Bf.Run", "Bf.Run\Bf.Run.csproj", "{EA996F2D-6574-4D5E-82A0-E01A236C19C6}"
EndProject
Project("{FAE04EC0-301F-11D3-BF4B-00C04F79EFBC}") = "Bf.Render", "Bf.Render\Bf.Render.csproj", "{BBFFF929-1B4D-48D3-80AB-435BE1245E87}"
EndProject
Global
	GlobalSection(SolutionConfigurationPlatforms) = preSolution
		Debug|Any CPU = Debug|Any CPU
		Release|Any CPU = Release|Any CPU
	EndGlobalSection
	GlobalSection(ProjectConfigurationPlatforms) = postSolution
		{CEBF2735-28D6-4441-84C8-9BB7551B8FBC}.Debug|Any CPU.ActiveCfg = Debug|Any CPU
		{CEBF2735-28D6-4441-84C8-9BB7551B8FBC}.Debug|Any CPU.Build.0 = Debug|Any CPU
		{CEBF2735-28D6-4441-84C8-9BB7551B8FBC}.Release|Any CPU.ActiveCfg = Release|Any CPU
		{CEBF2735-28D6-4441-84C8-9BB7551B8FBC}.Release|Any CPU.Build.0 = Release|Any CPU
		{EA996F2D-6574-4D5E-82A0-E01A236C19C6}.Debug|Any CPU.ActiveCfg = Debug|Any CPU
		{EA996F2D-6574-4D5E-82A0-E01A236C19C6}.Debug|Any CPU.Build.0 = Debug|Any CPU
		{EA996F2D-6574-4D5E-82A0-E01A236C19C6}.Release|Any CPU.ActiveCfg = Release|Any CPU
		{EA996F2D-6574-4D5E-82A0-E01A236C19C6}.Release|Any CPU.Build.0 = Release|Any CPU
		{BBFFF929-1B4D-48D3-80AB-435BE1245E87}.Debug|Any CPU.ActiveCfg = Debug|Any CPU
		{BBFFF929-1B4D-48D3-80AB-435BE1245E87}.Debug|Any CPU.Build.0 = Debug|Any CPU
		{BBFFF929-1B4D-48D3-80AB-435BE1245E87}.Release|Any CPU.ActiveCfg = Release|Any CPU
		{BBFFF929-1B4D-48D3-80AB-435BE1245E87}.Release|Any CPU.Build.0 = Release|Any CPU
	EndGlobalSection
	GlobalSection(SolutionProperties) = preSolution
		HideSolutionNode = FALSE
	EndGlobalSection
	GlobalSection(ExtensibilityGlobals) = postSolution
		SolutionGuid = {AA449298-7300-4711-9BF3-82FB979558D8}
	EndGlobalSection
EndGlobal
